
Microsoft Visual Studio Solution File, Format Version 12.00
# Visual Studio Version 17
VisualStudioVersion = 17.5.33414.496
MinimumVisualStudioVersion = 10.0.40219.1
Project("{9A19103F-16F7-4668-BE54-9A1E7A4F7556}") = "Dluhy6_0", "Dluhy6_0\Dluhy6_0.csproj", "{5264C19C-6F2E-49D3-B627-6483044664E5}"
EndProject
Global
	GlobalSection(SolutionConfigurationPlatforms) = preSolution
		Debug|Any CPU = Debug|Any CPU
		Release|Any CPU = Release|Any CPU
	EndGlobalSection
	GlobalSection(ProjectConfigurationPlatforms) = postSolution
		{5264C19C-6F2E-49D3-B627-6483044664E5}.Debug|Any CPU.ActiveCfg = Debug|Any CPU
		{5264C19C-6F2E-49D3-B627-6483044664E5}.Debug|Any CPU.Build.0 = Debug|Any CPU
		{5264C19C-6F2E-49D3-B627-6483044664E5}.Release|Any CPU.ActiveCfg = Release|Any CPU
		{5264C19C-6F2E-49D3-B627-6483044664E5}.Release|Any CPU.Build.0 = Release|Any CPU
	EndGlobalSection
	GlobalSection(SolutionProperties) = preSolution
		HideSolutionNode = FALSE
	EndGlobalSection
	GlobalSection(ExtensibilityGlobals) = postSolution
		SolutionGuid = {2680CD2F-A6D8-4995-B26E-1ACCDD473D25}
	EndGlobalSection
EndGlobal
